{
  "name": "chitanda-san",
  "version": "1.0.0",
  "lockfileVersion": 1,
  "requires": true,
  "dependencies": {
    "syobocal": {
      "version": "1.0.0",
      "resolved": "https://registry.npmjs.org/syobocal/-/syobocal-1.0.0.tgz",
      "integrity": "sha1-OGBT2b80OIrfFLnmkG2Ok/lT0w4="
    }
  }
}
